// !$*UTF8*$!
{
	archiveVersion = 1;
	classes = {
	};
	objectVersion = 46;
	objects = {

/* Begin PBXBuildFile section */
		A5E694161D4766BB0017B057 /* AppDelegate.swift in Sources */ = {isa = PBXBuildFile; fileRef = A5E694151D4766BB0017B057 /* AppDelegate.swift */; };
		A5E694181D4766BB0017B057 /* ViewController.swift in Sources */ = {isa = PBXBuildFile; fileRef = A5E694171D4766BB0017B057 /* ViewController.swift */; };
		A5E6941B1D4766BB0017B057 /* Main.storyboard in Resources */ = {isa = PBXBuildFile; fileRef = A5E694191D4766BB0017B057 /* Main.storyboard */; };
		A5E6941D1D4766BB0017B057 /* Assets.xcassets in Resources */ = {isa = PBXBuildFile; fileRef = A5E6941C1D4766BB0017B057 /* Assets.xcassets */; };
		A5E694201D4766BB0017B057 /* LaunchScreen.storyboard in Resources */ = {isa = PBXBuildFile; fileRef = A5E6941E1D4766BB0017B057 /* LaunchScreen.storyboard */; };
		A5E6942B1D4766BB0017B057 /* QuizTests.swift in Sources */ = {isa = PBXBuildFile; fileRef = A5E6942A1D4766BB0017B057 /* QuizTests.swift */; };
		A5E694361D4766BB0017B057 /* QuizUITests.swift in Sources */ = {isa = PBXBuildFile; fileRef = A5E694351D4766BB0017B057 /* QuizUITests.swift */; };
/* End PBXBuildFile section */

/* Begin PBXContainerItemProxy section */
		A5E694271D4766BB0017B057 /* PBXContainerItemProxy */ = {
			isa = PBXContainerItemProxy;
			containerPortal = A5E6940A1D4766BA0017B057 /* Project object */;
			proxyType = 1;
			remoteGlobalIDString = A5E694111D4766BA0017B057;
			remoteInfo = Quiz;
		};
		A5E694321D4766BB0017B057 /* PBXContainerItemProxy */ = {
			isa = PBXContainerItemProxy;
			containerPortal = A5E6940A1D4766BA0017B057 /* Project object */;
			proxyType = 1;
			remoteGlobalIDString = A5E694111D4766BA0017B057;
			remoteInfo = Quiz;
		};
/* End PBXContainerItemProxy section */

/* Begin PBXFileReference section */
		A5E694121D4766BA0017B057 /* Quiz.app */ = {isa = PBXFileReference; explicitFileType = wrapper.application; includeInIndex = 0; path = Quiz.app; sourceTree = BUILT_PRODUCTS_DIR; };
		A5E694151D4766BB0017B057 /* AppDelegate.swift */ = {isa = PBXFileReference; lastKnownFileType = sourcecode.swift; path = AppDelegate.swift; sourceTree = "<group>"; };
		A5E694171D4766BB0017B057 /* ViewController.swift */ = {isa = PBXFileReference; lastKnownFileType = sourcecode.swift; path = ViewController.swift; sourceTree = "<group>"; };
		A5E6941A1D4766BB0017B057 /* Base */ = {isa = PBXFileReference; lastKnownFileType = file.storyboard; name = Base; path = Base.lproj/Main.storyboard; sourceTree = "<group>"; };
		A5E6941C1D4766BB0017B057 /* Assets.xcassets */ = {isa = PBXFileReference; lastKnownFileType = folder.assetcatalog; path = Assets.xcassets; sourceTree = "<group>"; };
		A5E6941F1D4766BB0017B057 /* Base */ = {isa = PBXFileReference; lastKnownFileType = file.storyboard; name = Base; path = Base.lproj/LaunchScreen.storyboard; sourceTree = "<group>"; };
		A5E694211D4766BB0017B057 /* Info.plist */ = {isa = PBXFileReference; lastKnownFileType = text.plist.xml; path = Info.plist; sourceTree = "<group>"; };
		A5E694261D4766BB0017B057 /* QuizTests.xctest */ = {isa = PBXFileReference; explicitFileType = wrapper.cfbundle; includeInIndex = 0; path = QuizTests.xctest; sourceTree = BUILT_PRODUCTS_DIR; };
		A5E6942A1D4766BB0017B057 /* QuizTests.swift */ = {isa = PBXFileReference; lastKnownFileType = sourcecode.swift; path = QuizTests.swift; sourceTree = "<group>"; };
		A5E6942C1D4766BB0017B057 /* Info.plist */ = {isa = PBXFileReference; lastKnownFileType = text.plist.xml; path = Info.plist; sourceTree = "<group>"; };
		A5E694311D4766BB0017B057 /* QuizUITests.xctest */ = {isa = PBXFileReference; explicitFileType = wrapper.cfbundle; includeInIndex = 0; path = QuizUITests.xctest; sourceTree = BUILT_PRODUCTS_DIR; };
		A5E694351D4766BB0017B057 /* QuizUITests.swift */ = {isa = PBXFileReference; lastKnownFileType = sourcecode.swift; path = QuizUITests.swift; sourceTree = "<group>"; };
		A5E694371D4766BB0017B057 /* Info.plist */ = {isa = PBXFileReference; lastKnownFileType = text.plist.xml; path = Info.plist; sourceTree = "<group>"; };
/* End PBXFileReference section */

/* Begin PBXFrameworksBuildPhase section */
		A5E6940F1D4766BA0017B057 /* Frameworks */ = {
			isa = PBXFrameworksBuildPhase;
			buildActionMask = 2147483647;
			files = (
			);
			runOnlyForDeploymentPostprocessing = 0;
		};
		A5E694231D4766BB0017B057 /* Frameworks */ = {
			isa = PBXFrameworksBuildPhase;
			buildActionMask = 2147483647;
			files = (
			);
			runOnlyForDeploymentPostprocessing = 0;
		};
		A5E6942E1D4766BB0017B057 /* Frameworks */ = {
			isa = PBXFrameworksBuildPhase;
			buildActionMask = 2147483647;
			files = (
			);
			runOnlyForDeploymentPostprocessing = 0;
		};
/* End PBXFrameworksBuildPhase section */

/* Begin PBXGroup section */
		A5E694091D4766BA0017B057 = {
			isa = PBXGroup;
			children = (
				A5E694141D4766BA0017B057 /* Quiz */,
				A5E694291D4766BB0017B057 /* QuizTests */,
				A5E694341D4766BB0017B057 /* QuizUITests */,
				A5E694131D4766BA0017B057 /* Products */,
			);
			sourceTree = "<group>";
		};
		A5E694131D4766BA0017B057 /* Products */ = {
			isa = PBXGroup;
			children = (
				A5E694121D4766BA0017B057 /* Quiz.app */,
				A5E694261D4766BB0017B057 /* QuizTests.xctest */,
				A5E694311D4766BB0017B057 /* QuizUITests.xctest */,
			);
			name = Products;
			sourceTree = "<group>";
		};
		A5E694141D4766BA0017B057 /* Quiz */ = {
			isa = PBXGroup;
			children = (
				A5E694151D4766BB0017B057 /* AppDelegate.swift */,
				A5E694171D4766BB0017B057 /* ViewController.swift */,
				A5E694191D4766BB0017B057 /* Main.storyboard */,
				A5E6941C1D4766BB0017B057 /* Assets.xcassets */,
				A5E6941E1D4766BB0017B057 /* LaunchScreen.storyboard */,
				A5E694211D4766BB0017B057 /* Info.plist */,
			);
			path = Quiz;
			sourceTree = "<group>";
		};
		A5E694291D4766BB0017B057 /* QuizTests */ = {
			isa = PBXGroup;
			children = (
				A5E6942A1D4766BB0017B057 /* QuizTests.swift */,
				A5E6942C1D4766BB0017B057 /* Info.plist */,
			);
			path = QuizTests;
			sourceTree = "<group>";
		};
		A5E694341D4766BB0017B057 /* QuizUITests */ = {
			isa = PBXGroup;
			children = (
				A5E694351D4766BB0017B057 /* QuizUITests.swift */,
				A5E694371D4766BB0017B057 /* Info.plist */,
			);
			path = QuizUITests;
			sourceTree = "<group>";
		};
/* End PBXGroup section */

/* Begin PBXNativeTarget section */
		A5E694111D4766BA0017B057 /* Quiz */ = {
			isa = PBXNativeTarget;
			buildConfigurationList = A5E6943A1D4766BB0017B057 /* Build configuration list for PBXNativeTarget "Quiz" */;
			buildPhases = (
				A5E6940E1D4766BA0017B057 /* Sources */,
				A5E6940F1D4766BA0017B057 /* Frameworks */,
				A5E694101D4766BA0017B057 /* Resources */,
			);
			buildRules = (
			);
			dependencies = (
			);
			name = Quiz;
			productName = Quiz;
			productReference = A5E694121D4766BA0017B057 /* Quiz.app */;
			productType = "com.apple.product-type.application";
		};
		A5E694251D4766BB0017B057 /* QuizTests */ = {
			isa = PBXNativeTarget;
			buildConfigurationList = A5E6943D1D4766BB0017B057 /* Build configuration list for PBXNativeTarget "QuizTests" */;
			buildPhases = (
				A5E694221D4766BB0017B057 /* Sources */,
				A5E694231D4766BB0017B057 /* Frameworks */,
				A5E694241D4766BB0017B057 /* Resources */,
			);
			buildRules = (
			);
			dependencies = (
				A5E694281D4766BB0017B057 /* PBXTargetDependency */,
			);
			name = QuizTests;
			productName = QuizTests;
			productReference = A5E694261D4766BB0017B057 /* QuizTests.xctest */;
			productType = "com.apple.product-type.bundle.unit-test";
		};
		A5E694301D4766BB0017B057 /* QuizUITests */ = {
			isa = PBXNativeTarget;
			buildConfigurationList = A5E694401D4766BB0017B057 /* Build configuration list for PBXNativeTarget "QuizUITests" */;
			buildPhases = (
				A5E6942D1D4766BB0017B057 /* Sources */,
				A5E6942E1D4766BB0017B057 /* Frameworks */,
				A5E6942F1D4766BB0017B057 /* Resources */,
			);
			buildRules = (
			);
			dependencies = (
				A5E694331D4766BB0017B057 /* PBXTargetDependency */,
			);
			name = QuizUITests;
			productName = QuizUITests;
			productReference = A5E694311D4766BB0017B057 /* QuizUITests.xctest */;
			productType = "com.apple.product-type.bundle.ui-testing";
		};
/* End PBXNativeTarget section */

/* Begin PBXProject section */
		A5E6940A1D4766BA0017B057 /* Project object */ = {
			isa = PBXProject;
			attributes = {
				LastSwiftUpdateCheck = 0730;
				LastUpgradeCheck = 0730;
				ORGANIZATIONNAME = Rukmani;
				TargetAttributes = {
					A5E694111D4766BA0017B057 = {
						CreatedOnToolsVersion = 7.3;
					};
					A5E694251D4766BB0017B057 = {
						CreatedOnToolsVersion = 7.3;
						TestTargetID = A5E694111D4766BA0017B057;
					};
					A5E694301D4766BB0017B057 = {
						CreatedOnToolsVersion = 7.3;
						TestTargetID = A5E694111D4766BA0017B057;
					};
				};
			};
			buildConfigurationList = A5E6940D1D4766BA0017B057 /* Build configuration list for PBXProject "Quiz" */;
			compatibilityVersion = "Xcode 3.2";
			developmentRegion = English;
			hasScannedForEncodings = 0;
			knownRegions = (
				en,
				Base,
			);
			mainGroup = A5E694091D4766BA0017B057;
			productRefGroup = A5E694131D4766BA0017B057 /* Products */;
			projectDirPath = "";
			projectRoot = "";
			targets = (
				A5E694111D4766BA0017B057 /* Quiz */,
				A5E694251D4766BB0017B057 /* QuizTests */,
				A5E694301D4766BB0017B057 /* QuizUITests */,
			);
		};
/* End PBXProject section */

/* Begin PBXResourcesBuildPhase section */
		A5E694101D4766BA0017B057 /* Resources */ = {
			isa = PBXResourcesBuildPhase;
			buildActionMask = 2147483647;
			files = (
				A5E694201D4766BB0017B057 /* LaunchScreen.storyboard in Resources */,
				A5E6941D1D4766BB0017B057 /* Assets.xcassets in Resources */,
				A5E6941B1D4766BB0017B057 /* Main.storyboard in Resources */,
			);
			runOnlyForDeploymentPostprocessing = 0;
		};
		A5E694241D4766BB0017B057 /* Resources */ = {
			isa = PBXResourcesBuildPhase;
			buildActionMask = 2147483647;
			files = (
			);
			runOnlyForDeploymentPostprocessing = 0;
		};
		A5E6942F1D4766BB0017B057 /* Resources */ = {
			isa = PBXResourcesBuildPhase;
			buildActionMask = 2147483647;
			files = (
			);
			runOnlyForDeploymentPostprocessing = 0;
		};
/* End PBXResourcesBuildPhase section */

/* Begin PBXSourcesBuildPhase section */
		A5E6940E1D4766BA0017B057 /* Sources */ = {
			isa = PBXSourcesBuildPhase;
			buildActionMask = 2147483647;
			files = (
				A5E694181D4766BB0017B057 /* ViewController.swift in Sources */,
				A5E694161D4766BB0017B057 /* AppDelegate.swift in Sources */,
			);
			runOnlyForDeploymentPostprocessing = 0;
		};
		A5E694221D4766BB0017B057 /* Sources */ = {
			isa = PBXSourcesBuildPhase;
			buildActionMask = 2147483647;
			files = (
				A5E6942B1D4766BB0017B057 /* QuizTests.swift in Sources */,
			);
			runOnlyForDeploymentPostprocessing = 0;
		};
		A5E6942D1D4766BB0017B057 /* Sources */ = {
			isa = PBXSourcesBuildPhase;
			buildActionMask = 2147483647;
			files = (
				A5E694361D4766BB0017B057 /* QuizUITests.swift in Sources */,
			);
			runOnlyForDeploymentPostprocessing = 0;
		};
/* End PBXSourcesBuildPhase section */

/* Begin PBXTargetDependency section */
		A5E694281D4766BB0017B057 /* PBXTargetDependency */ = {
			isa = PBXTargetDependency;
			target = A5E694111D4766BA0017B057 /* Quiz */;
			targetProxy = A5E694271D4766BB0017B057 /* PBXContainerItemProxy */;
		};
		A5E694331D4766BB0017B057 /* PBXTargetDependency */ = {
			isa = PBXTargetDependency;
			target = A5E694111D4766BA0017B057 /* Quiz */;
			targetProxy = A5E694321D4766BB0017B057 /* PBXContainerItemProxy */;
		};
/* End PBXTargetDependency section */

/* Begin PBXVariantGroup section */
		A5E694191D4766BB0017B057 /* Main.storyboard */ = {
			isa = PBXVariantGroup;
			children = (
				A5E6941A1D4766BB0017B057 /* Base */,
			);
			name = Main.storyboard;
			sourceTree = "<group>";
		};
		A5E6941E1D4766BB0017B057 /* LaunchScreen.storyboard */ = {
			isa = PBXVariantGroup;
			children = (
				A5E6941F1D4766BB0017B057 /* Base */,
			);
			name = LaunchScreen.storyboard;
			sourceTree = "<group>";
		};
/* End PBXVariantGroup section */

/* Begin XCBuildConfiguration section */
		A5E694381D4766BB0017B057 /* Debug */ = {
			isa = XCBuildConfiguration;
			buildSettings = {
				ALWAYS_SEARCH_USER_PATHS = NO;
				CLANG_ANALYZER_NONNULL = YES;
				CLANG_CXX_LANGUAGE_STANDARD = "gnu++0x";
				CLANG_CXX_LIBRARY = "libc++";
				CLANG_ENABLE_MODULES = YES;
				CLANG_ENABLE_OBJC_ARC = YES;
				CLANG_WARN_BOOL_CONVERSION = YES;
				CLANG_WARN_CONSTANT_CONVERSION = YES;
				CLANG_WARN_DIRECT_OBJC_ISA_USAGE = YES_ERROR;
				CLANG_WARN_EMPTY_BODY = YES;
				CLANG_WARN_ENUM_CONVERSION = YES;
				CLANG_WARN_INT_CONVERSION = YES;
				CLANG_WARN_OBJC_ROOT_CLASS = YES_ERROR;
				CLANG_WARN_UNREACHABLE_CODE = YES;
				CLANG_WARN__DUPLICATE_METHOD_MATCH = YES;
				"CODE_SIGN_IDENTITY[sdk=iphoneos*]" = "iPhone Developer";
				COPY_PHASE_STRIP = NO;
				DEBUG_INFORMATION_FORMAT = dwarf;
				ENABLE_STRICT_OBJC_MSGSEND = YES;
				ENABLE_TESTABILITY = YES;
				GCC_C_LANGUAGE_STANDARD = gnu99;
				GCC_DYNAMIC_NO_PIC = NO;
				GCC_NO_COMMON_BLOCKS = YES;
				GCC_OPTIMIZATION_LEVEL = 0;
				GCC_PREPROCESSOR_DEFINITIONS = (
					"DEBUG=1",
					"$(inherited)",
				);
				GCC_WARN_64_TO_32_BIT_CONVERSION = YES;
				GCC_WARN_ABOUT_RETURN_TYPE = YES_ERROR;
				GCC_WARN_UNDECLARED_SELECTOR = YES;
				GCC_WARN_UNINITIALIZED_AUTOS = YES_AGGRESSIVE;
				GCC_WARN_UNUSED_FUNCTION = YES;
				GCC_WARN_UNUSED_VARIABLE = YES;
				IPHONEOS_DEPLOYMENT_TARGET = 9.3;
				MTL_ENABLE_DEBUG_INFO = YES;
				ONLY_ACTIVE_ARCH = YES;
				SDKROOT = iphoneos;
				SWIFT_OPTIMIZATION_LEVEL = "-Onone";
				TARGETED_DEVICE_FAMILY = "1,2";
			};
			name = Debug;
		};
		A5E694391D4766BB0017B057 /* Release */ = {
			isa = XCBuildConfiguration;
			buildSettings = {
				ALWAYS_SEARCH_USER_PATHS = NO;
				CLANG_ANALYZER_NONNULL = YES;
				CLANG_CXX_LANGUAGE_STANDARD = "gnu++0x";
				CLANG_CXX_LIBRARY = "libc++";
				CLANG_ENABLE_MODULES = YES;
				CLANG_ENABLE_OBJC_ARC = YES;
				CLANG_WARN_BOOL_CONVERSION = YES;
				CLANG_WARN_CONSTANT_CONVERSION = YES;
				CLANG_WARN_DIRECT_OBJC_ISA_USAGE = YES_ERROR;
				CLANG_WARN_EMPTY_BODY = YES;
				CLANG_WARN_ENUM_CONVERSION = YES;
				CLANG_WARN_INT_CONVERSION = YES;
				CLANG_WARN_OBJC_ROOT_CLASS = YES_ERROR;
				CLANG_WARN_UNREACHABLE_CODE = YES;
				CLANG_WARN__DUPLICATE_METHOD_MATCH = YES;
				"CODE_SIGN_IDENTITY[sdk=iphoneos*]" = "iPhone Developer";
				COPY_PHASE_STRIP = NO;
				DEBUG_INFORMATION_FORMAT = "dwarf-with-dsym";
				ENABLE_NS_ASSERTIONS = NO;
				ENABLE_STRICT_OBJC_MSGSEND = YES;
				GCC_C_LANGUAGE_STANDARD = gnu99;
				GCC_NO_COMMON_BLOCKS = YES;
				GCC_WARN_64_TO_32_BIT_CONVERSION = YES;
				GCC_WARN_ABOUT_RETURN_TYPE = YES_ERROR;
				GCC_WARN_UNDECLARED_SELECTOR = YES;
				GCC_WARN_UNINITIALIZED_AUTOS = YES_AGGRESSIVE;
				GCC_WARN_UNUSED_FUNCTION = YES;
				GCC_WARN_UNUSED_VARIABLE = YES;
				IPHONEOS_DEPLOYMENT_TARGET = 9.3;
				MTL_ENABLE_DEBUG_INFO = NO;
				SDKROOT = iphoneos;
				TARGETED_DEVICE_FAMILY = "1,2";
				VALIDATE_PRODUCT = YES;
			};
			name = Release;
		};
		A5E6943B1D4766BB0017B057 /* Debug */ = {
			isa = XCBuildConfiguration;
			buildSettings = {
				ASSETCATALOG_COMPILER_APPICON_NAME = AppIcon;
				INFOPLIST_FILE = Quiz/Info.plist;
				LD_RUNPATH_SEARCH_PATHS = "$(inherited) @executable_path/Frameworks";
				PRODUCT_BUNDLE_IDENTIFIER = "ios-app.Quiz";
				PRODUCT_NAME = "$(TARGET_NAME)";
			};
			name = Debug;
		};
		A5E6943C1D4766BB0017B057 /* Release */ = {
			isa = XCBuildConfiguration;
			buildSettings = {
				ASSETCATALOG_COMPILER_APPICON_NAME = AppIcon;
				INFOPLIST_FILE = Quiz/Info.plist;
				LD_RUNPATH_SEARCH_PATHS = "$(inherited) @executable_path/Frameworks";
				PRODUCT_BUNDLE_IDENTIFIER = "ios-app.Quiz";
				PRODUCT_NAME = "$(TARGET_NAME)";
			};
			name = Release;
		};
		A5E6943E1D4766BB0017B057 /* Debug */ = {
			isa = XCBuildConfiguration;
			buildSettings = {
				BUNDLE_LOADER = "$(TEST_HOST)";
				INFOPLIST_FILE = QuizTests/Info.plist;
				LD_RUNPATH_SEARCH_PATHS = "$(inherited) @executable_path/Frameworks @loader_path/Frameworks";
				PRODUCT_BUNDLE_IDENTIFIER = "ios-app.QuizTests";
				PRODUCT_NAME = "$(TARGET_NAME)";
				TEST_HOST = "$(BUILT_PRODUCTS_DIR)/Quiz.app/Quiz";
			};
			name = Debug;
		};
		A5E6943F1D4766BB0017B057 /* Release */ = {
			isa = XCBuildConfiguration;
			buildSettings = {
				BUNDLE_LOADER = "$(TEST_HOST)";
				INFOPLIST_FILE = QuizTests/Info.plist;
				LD_RUNPATH_SEARCH_PATHS = "$(inherited) @executable_path/Frameworks @loader_path/Frameworks";
				PRODUCT_BUNDLE_IDENTIFIER = "ios-app.QuizTests";
				PRODUCT_NAME = "$(TARGET_NAME)";
				TEST_HOST = "$(BUILT_PRODUCTS_DIR)/Quiz.app/Quiz";
			};
			name = Release;
		};
		A5E694411D4766BB0017B057 /* Debug */ = {
			isa = XCBuildConfiguration;
			buildSettings = {
				INFOPLIST_FILE = QuizUITests/Info.plist;
				LD_RUNPATH_SEARCH_PATHS = "$(inherited) @executable_path/Frameworks @loader_path/Frameworks";
				PRODUCT_BUNDLE_IDENTIFIER = "ios-app.QuizUITests";
				PRODUCT_NAME = "$(TARGET_NAME)";
				TEST_TARGET_NAME = Quiz;
			};
			name = Debug;
		};
		A5E694421D4766BB0017B057 /* Release */ = {
			isa = XCBuildConfiguration;
			buildSettings = {
				INFOPLIST_FILE = QuizUITests/Info.plist;
				LD_RUNPATH_SEARCH_PATHS = "$(inherited) @executable_path/Frameworks @loader_path/Frameworks";
				PRODUCT_BUNDLE_IDENTIFIER = "ios-app.QuizUITests";
				PRODUCT_NAME = "$(TARGET_NAME)";
				TEST_TARGET_NAME = Quiz;
			};
			name = Release;
		};
/* End XCBuildConfiguration section */

/* Begin XCConfigurationList section */
		A5E6940D1D4766BA0017B057 /* Build configuration list for PBXProject "Quiz" */ = {
			isa = XCConfigurationList;
			buildConfigurations = (
				A5E694381D4766BB0017B057 /* Debug */,
				A5E694391D4766BB0017B057 /* Release */,
			);
			defaultConfigurationIsVisible = 0;
			defaultConfigurationName = Release;
		};
		A5E6943A1D4766BB0017B057 /* Build configuration list for PBXNativeTarget "Quiz" */ = {
			isa = XCConfigurationList;
			buildConfigurations = (
				A5E6943B1D4766BB0017B057 /* Debug */,
				A5E6943C1D4766BB0017B057 /* Release */,
			);
			defaultConfigurationIsVisible = 0;
		};
		A5E6943D1D4766BB0017B057 /* Build configuration list for PBXNativeTarget "QuizTests" */ = {
			isa = XCConfigurationList;
			buildConfigurations = (
				A5E6943E1D4766BB0017B057 /* Debug */,
				A5E6943F1D4766BB0017B057 /* Release */,
			);
			defaultConfigurationIsVisible = 0;
		};
		A5E694401D4766BB0017B057 /* Build configuration list for PBXNativeTarget "QuizUITests" */ = {
			isa = XCConfigurationList;
			buildConfigurations = (
				A5E694411D4766BB0017B057 /* Debug */,
				A5E694421D4766BB0017B057 /* Release */,
			);
			defaultConfigurationIsVisible = 0;
		};
/* End XCConfigurationList section */
	};
	rootObject = A5E6940A1D4766BA0017B057 /* Project object */;
}
